
Microsoft Visual Studio Solution File, Format Version 12.00
# Visual Studio Version 16
VisualStudioVersion = 16.0.31129.286
MinimumVisualStudioVersion = 10.0.40219.1
Project("{8BC9CEB8-8B4A-11D0-8D11-00A0C91BC942}") = "20210517", "20210517\20210517.vcxproj", "{FAB6CF46-695E-4FE3-96F7-C2800BF4E5D5}"
EndProject
Global
	GlobalSection(SolutionConfigurationPlatforms) = preSolution
		Debug|x64 = Debug|x64
		Debug|x86 = Debug|x86
		Release|x64 = Release|x64
		Release|x86 = Release|x86
	EndGlobalSection
	GlobalSection(ProjectConfigurationPlatforms) = postSolution
		{FAB6CF46-695E-4FE3-96F7-C2800BF4E5D5}.Debug|x64.ActiveCfg = Debug|x64
		{FAB6CF46-695E-4FE3-96F7-C2800BF4E5D5}.Debug|x64.Build.0 = Debug|x64
		{FAB6CF46-695E-4FE3-96F7-C2800BF4E5D5}.Debug|x86.ActiveCfg = Debug|Win32
		{FAB6CF46-695E-4FE3-96F7-C2800BF4E5D5}.Debug|x86.Build.0 = Debug|Win32
		{FAB6CF46-695E-4FE3-96F7-C2800BF4E5D5}.Release|x64.ActiveCfg = Release|x64
		{FAB6CF46-695E-4FE3-96F7-C2800BF4E5D5}.Release|x64.Build.0 = Release|x64
		{FAB6CF46-695E-4FE3-96F7-C2800BF4E5D5}.Release|x86.ActiveCfg = Release|Win32
		{FAB6CF46-695E-4FE3-96F7-C2800BF4E5D5}.Release|x86.Build.0 = Release|Win32
	EndGlobalSection
	GlobalSection(SolutionProperties) = preSolution
		HideSolutionNode = FALSE
	EndGlobalSection
	GlobalSection(ExtensibilityGlobals) = postSolution
		SolutionGuid = {1970FA1B-D3B9-4CDB-935F-585A4E35FF70}
	EndGlobalSection
EndGlobal
