
Microsoft Visual Studio Solution File, Format Version 12.00
# Visual Studio Version 16
VisualStudioVersion = 16.0.31129.286
MinimumVisualStudioVersion = 10.0.40219.1
Project("{8BC9CEB8-8B4A-11D0-8D11-00A0C91BC942}") = "20210502", "20210502\20210502.vcxproj", "{58F6B12B-F404-4DCD-A404-87FD3BF7DB97}"
EndProject
Global
	GlobalSection(SolutionConfigurationPlatforms) = preSolution
		Debug|x64 = Debug|x64
		Debug|x86 = Debug|x86
		Release|x64 = Release|x64
		Release|x86 = Release|x86
	EndGlobalSection
	GlobalSection(ProjectConfigurationPlatforms) = postSolution
		{58F6B12B-F404-4DCD-A404-87FD3BF7DB97}.Debug|x64.ActiveCfg = Debug|x64
		{58F6B12B-F404-4DCD-A404-87FD3BF7DB97}.Debug|x64.Build.0 = Debug|x64
		{58F6B12B-F404-4DCD-A404-87FD3BF7DB97}.Debug|x86.ActiveCfg = Debug|Win32
		{58F6B12B-F404-4DCD-A404-87FD3BF7DB97}.Debug|x86.Build.0 = Debug|Win32
		{58F6B12B-F404-4DCD-A404-87FD3BF7DB97}.Release|x64.ActiveCfg = Release|x64
		{58F6B12B-F404-4DCD-A404-87FD3BF7DB97}.Release|x64.Build.0 = Release|x64
		{58F6B12B-F404-4DCD-A404-87FD3BF7DB97}.Release|x86.ActiveCfg = Release|Win32
		{58F6B12B-F404-4DCD-A404-87FD3BF7DB97}.Release|x86.Build.0 = Release|Win32
	EndGlobalSection
	GlobalSection(SolutionProperties) = preSolution
		HideSolutionNode = FALSE
	EndGlobalSection
	GlobalSection(ExtensibilityGlobals) = postSolution
		SolutionGuid = {181A8077-78C7-4E54-B388-F92CB8D731EE}
	EndGlobalSection
EndGlobal
