
Microsoft Visual Studio Solution File, Format Version 12.00
# Visual Studio Version 16
VisualStudioVersion = 16.0.31129.286
MinimumVisualStudioVersion = 10.0.40219.1
Project("{8BC9CEB8-8B4A-11D0-8D11-00A0C91BC942}") = "20210510", "20210510\20210510.vcxproj", "{F1161C8B-BA89-471E-80E6-E52C8ABB128D}"
EndProject
Global
	GlobalSection(SolutionConfigurationPlatforms) = preSolution
		Debug|x64 = Debug|x64
		Debug|x86 = Debug|x86
		Release|x64 = Release|x64
		Release|x86 = Release|x86
	EndGlobalSection
	GlobalSection(ProjectConfigurationPlatforms) = postSolution
		{F1161C8B-BA89-471E-80E6-E52C8ABB128D}.Debug|x64.ActiveCfg = Debug|x64
		{F1161C8B-BA89-471E-80E6-E52C8ABB128D}.Debug|x64.Build.0 = Debug|x64
		{F1161C8B-BA89-471E-80E6-E52C8ABB128D}.Debug|x86.ActiveCfg = Debug|Win32
		{F1161C8B-BA89-471E-80E6-E52C8ABB128D}.Debug|x86.Build.0 = Debug|Win32
		{F1161C8B-BA89-471E-80E6-E52C8ABB128D}.Release|x64.ActiveCfg = Release|x64
		{F1161C8B-BA89-471E-80E6-E52C8ABB128D}.Release|x64.Build.0 = Release|x64
		{F1161C8B-BA89-471E-80E6-E52C8ABB128D}.Release|x86.ActiveCfg = Release|Win32
		{F1161C8B-BA89-471E-80E6-E52C8ABB128D}.Release|x86.Build.0 = Release|Win32
	EndGlobalSection
	GlobalSection(SolutionProperties) = preSolution
		HideSolutionNode = FALSE
	EndGlobalSection
	GlobalSection(ExtensibilityGlobals) = postSolution
		SolutionGuid = {92BD2241-368A-4FA8-A4B4-2E2D0DB453C2}
	EndGlobalSection
EndGlobal
