
Microsoft Visual Studio Solution File, Format Version 12.00
# Visual Studio Version 16
VisualStudioVersion = 16.0.31129.286
MinimumVisualStudioVersion = 10.0.40219.1
Project("{8BC9CEB8-8B4A-11D0-8D11-00A0C91BC942}") = "20210515", "20210515\20210515.vcxproj", "{CC4585EF-C78F-4D28-AC77-271329AD2625}"
EndProject
Global
	GlobalSection(SolutionConfigurationPlatforms) = preSolution
		Debug|x64 = Debug|x64
		Debug|x86 = Debug|x86
		Release|x64 = Release|x64
		Release|x86 = Release|x86
	EndGlobalSection
	GlobalSection(ProjectConfigurationPlatforms) = postSolution
		{CC4585EF-C78F-4D28-AC77-271329AD2625}.Debug|x64.ActiveCfg = Debug|x64
		{CC4585EF-C78F-4D28-AC77-271329AD2625}.Debug|x64.Build.0 = Debug|x64
		{CC4585EF-C78F-4D28-AC77-271329AD2625}.Debug|x86.ActiveCfg = Debug|Win32
		{CC4585EF-C78F-4D28-AC77-271329AD2625}.Debug|x86.Build.0 = Debug|Win32
		{CC4585EF-C78F-4D28-AC77-271329AD2625}.Release|x64.ActiveCfg = Release|x64
		{CC4585EF-C78F-4D28-AC77-271329AD2625}.Release|x64.Build.0 = Release|x64
		{CC4585EF-C78F-4D28-AC77-271329AD2625}.Release|x86.ActiveCfg = Release|Win32
		{CC4585EF-C78F-4D28-AC77-271329AD2625}.Release|x86.Build.0 = Release|Win32
	EndGlobalSection
	GlobalSection(SolutionProperties) = preSolution
		HideSolutionNode = FALSE
	EndGlobalSection
	GlobalSection(ExtensibilityGlobals) = postSolution
		SolutionGuid = {80241F82-4D21-4B05-BEB9-C00AAB99B6A8}
	EndGlobalSection
EndGlobal
